
Microsoft Visual Studio Solution File, Format Version 12.00
# Visual Studio Version 17
VisualStudioVersion = 17.13.35931.197 d17.13
MinimumVisualStudioVersion = 10.0.40219.1
Project("{FAE04EC0-301F-11D3-BF4B-00C04F79EFBC}") = "CurrencyConverter.API", "CurrencyConverter.API\CurrencyConverter.API.csproj", "{6CF0D578-4254-42ED-898C-AB033D7F55B2}"
EndProject
Project("{FAE04EC0-301F-11D3-BF4B-00C04F79EFBC}") = "CurrencyConverter.AppHost", "CurrencyConverter.AppHost\CurrencyConverter.AppHost.csproj", "{5C5349E8-E201-4A78-8C2C-E3F0DF783A45}"
EndProject
Project("{FAE04EC0-301F-11D3-BF4B-00C04F79EFBC}") = "CurrencyConverter.ServiceDefaults", "CurrencyConverter.ServiceDefaults\CurrencyConverter.ServiceDefaults.csproj", "{8CB26E32-7D27-F6F9-A0CF-37EC81F195E8}"
EndProject
Project("{2150E333-8FDC-42A3-9474-1A3956D46DE8}") = "Aspire", "Aspire", "{02EA681E-C7D8-13C7-8484-4AC65E1B71E8}"
EndProject
Global
	GlobalSection(SolutionConfigurationPlatforms) = preSolution
		Debug|Any CPU = Debug|Any CPU
		Release|Any CPU = Release|Any CPU
	EndGlobalSection
	GlobalSection(ProjectConfigurationPlatforms) = postSolution
		{6CF0D578-4254-42ED-898C-AB033D7F55B2}.Debug|Any CPU.ActiveCfg = Debug|Any CPU
		{6CF0D578-4254-42ED-898C-AB033D7F55B2}.Debug|Any CPU.Build.0 = Debug|Any CPU
		{6CF0D578-4254-42ED-898C-AB033D7F55B2}.Release|Any CPU.ActiveCfg = Release|Any CPU
		{6CF0D578-4254-42ED-898C-AB033D7F55B2}.Release|Any CPU.Build.0 = Release|Any CPU
		{5C5349E8-E201-4A78-8C2C-E3F0DF783A45}.Debug|Any CPU.ActiveCfg = Debug|Any CPU
		{5C5349E8-E201-4A78-8C2C-E3F0DF783A45}.Debug|Any CPU.Build.0 = Debug|Any CPU
		{5C5349E8-E201-4A78-8C2C-E3F0DF783A45}.Release|Any CPU.ActiveCfg = Release|Any CPU
		{5C5349E8-E201-4A78-8C2C-E3F0DF783A45}.Release|Any CPU.Build.0 = Release|Any CPU
		{8CB26E32-7D27-F6F9-A0CF-37EC81F195E8}.Debug|Any CPU.ActiveCfg = Debug|Any CPU
		{8CB26E32-7D27-F6F9-A0CF-37EC81F195E8}.Debug|Any CPU.Build.0 = Debug|Any CPU
		{8CB26E32-7D27-F6F9-A0CF-37EC81F195E8}.Release|Any CPU.ActiveCfg = Release|Any CPU
		{8CB26E32-7D27-F6F9-A0CF-37EC81F195E8}.Release|Any CPU.Build.0 = Release|Any CPU
	EndGlobalSection
	GlobalSection(SolutionProperties) = preSolution
		HideSolutionNode = FALSE
	EndGlobalSection
	GlobalSection(NestedProjects) = preSolution
		{5C5349E8-E201-4A78-8C2C-E3F0DF783A45} = {02EA681E-C7D8-13C7-8484-4AC65E1B71E8}
		{8CB26E32-7D27-F6F9-A0CF-37EC81F195E8} = {02EA681E-C7D8-13C7-8484-4AC65E1B71E8}
	EndGlobalSection
	GlobalSection(ExtensibilityGlobals) = postSolution
		SolutionGuid = {AD6FEB74-02EE-4A19-A0D3-354A74080DBD}
	EndGlobalSection
EndGlobal
